
Microsoft Visual Studio Solution File, Format Version 12.00
# Visual Studio Version 16
VisualStudioVersion = 16.0.29613.14
MinimumVisualStudioVersion = 10.0.40219.1
Project("{FAE04EC0-301F-11D3-BF4B-00C04F79EFBC}") = "OOPEx7ReadWriteProperties", "OOPEx7ReadWriteProperties.csproj", "{DDF7A562-AD06-42D3-AFD1-3F1958A78205}"
EndProject
Global
	GlobalSection(SolutionConfigurationPlatforms) = preSolution
		Debug|Any CPU = Debug|Any CPU
		Release|Any CPU = Release|Any CPU
	EndGlobalSection
	GlobalSection(ProjectConfigurationPlatforms) = postSolution
		{DDF7A562-AD06-42D3-AFD1-3F1958A78205}.Debug|Any CPU.ActiveCfg = Debug|Any CPU
		{DDF7A562-AD06-42D3-AFD1-3F1958A78205}.Debug|Any CPU.Build.0 = Debug|Any CPU
		{DDF7A562-AD06-42D3-AFD1-3F1958A78205}.Release|Any CPU.ActiveCfg = Release|Any CPU
		{DDF7A562-AD06-42D3-AFD1-3F1958A78205}.Release|Any CPU.Build.0 = Release|Any CPU
	EndGlobalSection
	GlobalSection(SolutionProperties) = preSolution
		HideSolutionNode = FALSE
	EndGlobalSection
	GlobalSection(ExtensibilityGlobals) = postSolution
		SolutionGuid = {DCF18D68-CFBD-4425-B9E4-104F471D9DF4}
	EndGlobalSection
EndGlobal
